{
  "name": "moddeur-ultime",
  "version": "1.0.0",
  "lockfileVersion": 2,
  "requires": true,
  "packages": {
    "": {
      "name": "moddeur-ultime",
      "version": "1.0.0",
      "license": " GPL-3.0-only",
      "dependencies": {
        "@types/node": "^18.15.1",
        "algoliasearch": "^4.15.0",
        "discord.js": "^14.9.0",
        "dotenv": "^16.0.3",
        "html-metadata-parser": "^2.0.4"
      },
      "devDependencies": {
        "typescript": "^4.9.5"
      }
    },
    "node_modules/@algolia/cache-browser-local-storage": {
      "version": "4.15.0",
      "resolved": "https://registry.npmjs.org/@algolia/cache-browser-local-storage/-/cache-browser-local-storage-4.15.0.tgz",
      "integrity": "sha512-uxxFhTWh4JJDb2+FFSmNMfEQ8p9o2vjSpU7iW007QX3OvqljPPN68lk3bpZVaG8pwr5MU1DqpkZ71FcQdVTjgQ==",
      "dependencies": {
        "@algolia/cache-common": "4.15.0"
      }
    },
    "node_modules/@algolia/cache-common": {
      "version": "4.15.0",
      "resolved": "https://registry.npmjs.org/@algolia/cache-common/-/cache-common-4.15.0.tgz",
      "integrity": "sha512-Me3PbI4QurAM+3D+htIE0l1xt6+bl/18SG6Wc7bPQEZAtN7DTGz22HqhKNyLF2lR/cOfpaH7umXZlZEhIHf7gQ=="
    },
    "node_modules/@algolia/cache-in-memory": {
      "version": "4.15.0",
      "resolved": "https://registry.npmjs.org/@algolia/cache-in-memory/-/cache-in-memory-4.15.0.tgz",
      "integrity": "sha512-B9mg1wd7CKMfpkbiTQ8KlcKkH6ut/goVaI6XmDCUczOOqeuZlV34tuEi7o3Xo1j66KWr/d9pMjjGYcoVPCVeOA==",
      "dependencies": {
        "@algolia/cache-common": "4.15.0"
      }
    },
    "node_modules/@algolia/client-account": {
      "version": "4.15.0",
      "resolved": "https://registry.npmjs.org/@algolia/client-account/-/client-account-4.15.0.tgz",
      "integrity": "sha512-8wqI33HRZy5ydfFt6F5vMhtkOiAUhVfSCYXx4U3Go5RALqWLgVUp6wzOo0mr1z08POCkHDpbQMQvyayb1CZ/kw==",
      "dependencies": {
        "@algolia/client-common": "4.15.0",
        "@algolia/client-search": "4.15.0",
        "@algolia/transporter": "4.15.0"
      }
    },
    "node_modules/@algolia/client-analytics": {
      "version": "4.15.0",
      "resolved": "https://registry.npmjs.org/@algolia/client-analytics/-/client-analytics-4.15.0.tgz",
      "integrity": "sha512-jrPjEeNEIIQKeA1XCZXx3f3aybtwF7wjYlnfHbLARuZ9AuHzimOKjX0ZwqvMmvTsHivpcZ2rqY+j1E8HoH1ELA==",
      "dependencies": {
        "@algolia/client-common": "4.15.0",
        "@algolia/client-search": "4.15.0",
        "@algolia/requester-common": "4.15.0",
        "@algolia/transporter": "4.15.0"
      }
    },
    "node_modules/@algolia/client-common": {
      "version": "4.15.0",
      "resolved": "https://registry.npmjs.org/@algolia/client-common/-/client-common-4.15.0.tgz",
      "integrity": "sha512-PlsJMObZuYw4JlG5EhYv1PHDOv7n5mD5PzqFyoNfSOYaEPRZepa3W579ya29yOu3FZ0VGMNJmB7Q5v/+/fwvIw==",
      "dependencies": {
        "@algolia/requester-common": "4.15.0",
        "@algolia/transporter": "4.15.0"
      }
    },
    "node_modules/@algolia/client-personalization": {
      "version": "4.15.0",
      "resolved": "https://registry.npmjs.org/@algolia/client-personalization/-/client-personalization-4.15.0.tgz",
      "integrity": "sha512-Bf0bhRAiNL9LWurzyHRH8UBi4fDt3VbCNkInxVngKQT1uCZWXecwoPWGhcSSpdanBqFJA/1WBt+BWx7a50Bhlg==",
      "dependencies": {
        "@algolia/client-common": "4.15.0",
        "@algolia/requester-common": "4.15.0",
        "@algolia/transporter": "4.15.0"
      }
    },
    "node_modules/@algolia/client-search": {
      "version": "4.15.0",
      "resolved": "https://registry.npmjs.org/@algolia/client-search/-/client-search-4.15.0.tgz",
      "integrity": "sha512-dTwZD4u53WdmexnMcoO2Qd/+YCP3ESXKOtD2MryQ1a9dHwB2Y3Qob0kyS1PG82idwM3enbznvscI9Sf4o9PUWQ==",
      "dependencies": {
        "@algolia/client-common": "4.15.0",
        "@algolia/requester-common": "4.15.0",
        "@algolia/transporter": "4.15.0"
      }
    },
    "node_modules/@algolia/logger-common": {
      "version": "4.15.0",
      "resolved": "https://registry.npmjs.org/@algolia/logger-common/-/logger-common-4.15.0.tgz",
      "integrity": "sha512-D8OFwn/HpvQz66goIcjxOKsYBMuxiruxJ3cA/bnc0EiDvSA2P2z6bNQWgS5gbstuTZIJmbhr+53NyOxFkmMNAA=="
    },
    "node_modules/@algolia/logger-console": {
      "version": "4.15.0",
      "resolved": "https://registry.npmjs.org/@algolia/logger-console/-/logger-console-4.15.0.tgz",
      "integrity": "sha512-pQOvVaRSEJQJRXKTnxEA6nN1hipSQadJJ4einw0nIlfMOGZh/kps1ybh8vRUlUGyfEuN/3dyFs0W3Ac7hIItlg==",
      "dependencies": {
        "@algolia/logger-common": "4.15.0"
      }
    },
    "node_modules/@algolia/requester-browser-xhr": {
      "version": "4.15.0",
      "resolved": "https://registry.npmjs.org/@algolia/requester-browser-xhr/-/requester-browser-xhr-4.15.0.tgz",
      "integrity": "sha512-va186EfALF+6msYZXaoBSxcnFCg3SoWJ+uv1yMyhQRJRe7cZSHWSVT3s40vmar90gxlBu80KMVwVlsvJhJv6ew==",
      "dependencies": {
        "@algolia/requester-common": "4.15.0"
      }
    },
    "node_modules/@algolia/requester-common": {
      "version": "4.15.0",
      "resolved": "https://registry.npmjs.org/@algolia/requester-common/-/requester-common-4.15.0.tgz",
      "integrity": "sha512-w0UUzxElbo4hrKg4QP/jiXDNbIJuAthxdlkos9nS8KAPK2XI3R9BlUjLz/ZVs4F9TDGI0mhjrNHhZ12KXcoyhg=="
    },
    "node_modules/@algolia/requester-node-http": {
      "version": "4.15.0",
      "resolved": "https://registry.npmjs.org/@algolia/requester-node-http/-/requester-node-http-4.15.0.tgz",
      "integrity": "sha512-eeEOhFtgwKcgAlKAZpgBRZJ0ILSEBCXxZ9uwfVWPD24W1b6z08gVoTJ6J7lCeCnJmudg+tMElDnGzHkjup9CJA==",
      "dependencies": {
        "@algolia/requester-common": "4.15.0"
      }
    },
    "node_modules/@algolia/transporter": {
      "version": "4.15.0",
      "resolved": "https://registry.npmjs.org/@algolia/transporter/-/transporter-4.15.0.tgz",
      "integrity": "sha512-JoWR+ixG3EmA0UPntQFN/FV5TasYcYu93d5+oKzHFeZ6Z7rtW5Im9iy/Oh/ggk1AAN5fTdqKewtbBpdaYDbKsQ==",
      "dependencies": {
        "@algolia/cache-common": "4.15.0",
        "@algolia/logger-common": "4.15.0",
        "@algolia/requester-common": "4.15.0"
      }
    },
    "node_modules/@discordjs/builders": {
      "version": "1.6.1",
      "resolved": "https://registry.npmjs.org/@discordjs/builders/-/builders-1.6.1.tgz",
      "integrity": "sha512-CCcLwn/8ANhlAbhlE18fcaN0hfXTen53/JiwZs1t9oE/Cqa9maA8ZRarkCIsXF4J7J/MYnd0J6IsxeKsq+f6mw==",
      "dependencies": {
        "@discordjs/formatters": "^0.3.0",
        "@discordjs/util": "^0.2.0",
        "@sapphire/shapeshift": "^3.8.1",
        "discord-api-types": "^0.37.37",
        "fast-deep-equal": "^3.1.3",
        "ts-mixer": "^6.0.3",
        "tslib": "^2.5.0"
      },
      "engines": {
        "node": ">=16.9.0"
      }
    },
    "node_modules/@discordjs/collection": {
      "version": "1.5.0",
      "resolved": "https://registry.npmjs.org/@discordjs/collection/-/collection-1.5.0.tgz",
      "integrity": "sha512-suyVndkEAAWrGxyw/CPGdtXoRRU6AUNkibtnbJevQzpelkJh3Q1gQqWDpqf5i39CnAn5+LrN0YS+cULeEjq2Yw==",
      "engines": {
        "node": ">=16.9.0"
      }
    },
    "node_modules/@discordjs/formatters": {
      "version": "0.3.0",
      "resolved": "https://registry.npmjs.org/@discordjs/formatters/-/formatters-0.3.0.tgz",
      "integrity": "sha512-Fc4MomalbP8HMKEMor3qUiboAKDtR7PSBoPjwm7WYghVRwgJlj5WYvUsriLsxeKk8+Qq2oy+HJlGTUkGvX0YnA==",
      "dependencies": {
        "discord-api-types": "^0.37.37"
      },
      "engines": {
        "node": ">=16.9.0"
      }
    },
    "node_modules/@discordjs/rest": {
      "version": "1.7.0",
      "resolved": "https://registry.npmjs.org/@discordjs/rest/-/rest-1.7.0.tgz",
      "integrity": "sha512-r2HzmznRIo8IDGYBWqQfkEaGN1LrFfWQd3dSyC4tOpMU8nuVvFUEw6V/lwnG44jyOq+vgyDny2fxeUDMt9I4aQ==",
      "dependencies": {
        "@discordjs/collection": "^1.5.0",
        "@discordjs/util": "^0.2.0",
        "@sapphire/async-queue": "^1.5.0",
        "@sapphire/snowflake": "^3.4.0",
        "discord-api-types": "^0.37.37",
        "file-type": "^18.2.1",
        "tslib": "^2.5.0",
        "undici": "^5.21.0"
      },
      "engines": {
        "node": ">=16.9.0"
      }
    },
    "node_modules/@discordjs/util": {
      "version": "0.2.0",
      "resolved": "https://registry.npmjs.org/@discordjs/util/-/util-0.2.0.tgz",
      "integrity": "sha512-/8qNbebFzLWKOOg+UV+RB8itp4SmU5jw0tBUD3ifElW6rYNOj1Ku5JaSW7lLl/WgjjxF01l/1uQPCzkwr110vg==",
      "engines": {
        "node": ">=16.9.0"
      }
    },
    "node_modules/@sapphire/async-queue": {
      "version": "1.5.0",
      "resolved": "https://registry.npmjs.org/@sapphire/async-queue/-/async-queue-1.5.0.tgz",
      "integrity": "sha512-JkLdIsP8fPAdh9ZZjrbHWR/+mZj0wvKS5ICibcLrRI1j84UmLMshx5n9QmL8b95d4onJ2xxiyugTgSAX7AalmA==",
      "engines": {
        "node": ">=v14.0.0",
        "npm": ">=7.0.0"
      }
    },
    "node_modules/@sapphire/shapeshift": {
      "version": "3.8.1",
      "resolved": "https://registry.npmjs.org/@sapphire/shapeshift/-/shapeshift-3.8.1.tgz",
      "integrity": "sha512-xG1oXXBhCjPKbxrRTlox9ddaZTvVpOhYLmKmApD/vIWOV1xEYXnpoFs68zHIZBGbqztq6FrUPNPerIrO1Hqeaw==",
      "dependencies": {
        "fast-deep-equal": "^3.1.3",
        "lodash": "^4.17.21"
      },
      "engines": {
        "node": ">=v14.0.0",
        "npm": ">=7.0.0"
      }
    },
    "node_modules/@sapphire/snowflake": {
      "version": "3.4.0",
      "resolved": "https://registry.npmjs.org/@sapphire/snowflake/-/snowflake-3.4.0.tgz",
      "integrity": "sha512-zZxymtVO6zeXVMPds+6d7gv/OfnCc25M1Z+7ZLB0oPmeMTPeRWVPQSS16oDJy5ZsyCOLj7M6mbZml5gWXcVRNw==",
      "engines": {
        "node": ">=v14.0.0",
        "npm": ">=7.0.0"
      }
    },
    "node_modules/@tokenizer/token": {
      "version": "0.3.0",
      "resolved": "https://registry.npmjs.org/@tokenizer/token/-/token-0.3.0.tgz",
      "integrity": "sha512-OvjF+z51L3ov0OyAU0duzsYuvO01PH7x4t6DJx+guahgTnBHkhJdG7soQeTSFLWN3efnHyibZ4Z8l2EuWwJN3A=="
    },
    "node_modules/@types/node": {
      "version": "18.15.1",
      "resolved": "https://registry.npmjs.org/@types/node/-/node-18.15.1.tgz",
      "integrity": "sha512-U2TWca8AeHSmbpi314QBESRk7oPjSZjDsR+c+H4ECC1l+kFgpZf8Ydhv3SJpPy51VyZHHqxlb6mTTqYNNRVAIw=="
    },
    "node_modules/@types/ws": {
      "version": "8.5.4",
      "resolved": "https://registry.npmjs.org/@types/ws/-/ws-8.5.4.tgz",
      "integrity": "sha512-zdQDHKUgcX/zBc4GrwsE/7dVdAD8JR4EuiAXiiUhhfyIJXXb2+PrGshFyeXWQPMmmZ2XxgaqclgpIC7eTXc1mg==",
      "dependencies": {
        "@types/node": "*"
      }
    },
    "node_modules/algoliasearch": {
      "version": "4.15.0",
      "resolved": "https://registry.npmjs.org/algoliasearch/-/algoliasearch-4.15.0.tgz",
      "integrity": "sha512-+vgKQF5944dYsz9zhKk07JbOYeNdKisoD5GeG0woBL3nLzbn2a+nGwki60DXg7CXvaFXBcTXyJG4C+VaBVd44g==",
      "dependencies": {
        "@algolia/cache-browser-local-storage": "4.15.0",
        "@algolia/cache-common": "4.15.0",
        "@algolia/cache-in-memory": "4.15.0",
        "@algolia/client-account": "4.15.0",
        "@algolia/client-analytics": "4.15.0",
        "@algolia/client-common": "4.15.0",
        "@algolia/client-personalization": "4.15.0",
        "@algolia/client-search": "4.15.0",
        "@algolia/logger-common": "4.15.0",
        "@algolia/logger-console": "4.15.0",
        "@algolia/requester-browser-xhr": "4.15.0",
        "@algolia/requester-common": "4.15.0",
        "@algolia/requester-node-http": "4.15.0",
        "@algolia/transporter": "4.15.0"
      }
    },
    "node_modules/axios": {
      "version": "0.24.0",
      "resolved": "https://registry.npmjs.org/axios/-/axios-0.24.0.tgz",
      "integrity": "sha512-Q6cWsys88HoPgAaFAVUb0WpPk0O8iTeisR9IMqy9G8AbO4NlpVknrnQS03zzF9PGAWgO3cgletO3VjV/P7VztA==",
      "dependencies": {
        "follow-redirects": "^1.14.4"
      }
    },
    "node_modules/boolbase": {
      "version": "1.0.0",
      "resolved": "https://registry.npmjs.org/boolbase/-/boolbase-1.0.0.tgz",
      "integrity": "sha512-JZOSA7Mo9sNGB8+UjSgzdLtokWAky1zbztM3WRLCbZ70/3cTANmQmOdR7y2g+J0e2WXywy1yS468tY+IruqEww=="
    },
    "node_modules/busboy": {
      "version": "1.6.0",
      "resolved": "https://registry.npmjs.org/busboy/-/busboy-1.6.0.tgz",
      "integrity": "sha512-8SFQbg/0hQ9xy3UNTB0YEnsNBbWfhf7RtnzpL7TkBiTBRfrQ9Fxcnz7VJsleJpyp6rVLvXiuORqjlHi5q+PYuA==",
      "dependencies": {
        "streamsearch": "^1.1.0"
      },
      "engines": {
        "node": ">=10.16.0"
      }
    },
    "node_modules/css-select": {
      "version": "4.3.0",
      "resolved": "https://registry.npmjs.org/css-select/-/css-select-4.3.0.tgz",
      "integrity": "sha512-wPpOYtnsVontu2mODhA19JrqWxNsfdatRKd64kmpRbQgh1KtItko5sTnEpPdpSaJszTOhEMlF/RPz28qj4HqhQ==",
      "dependencies": {
        "boolbase": "^1.0.0",
        "css-what": "^6.0.1",
        "domhandler": "^4.3.1",
        "domutils": "^2.8.0",
        "nth-check": "^2.0.1"
      },
      "funding": {
        "url": "https://github.com/sponsors/fb55"
      }
    },
    "node_modules/css-what": {
      "version": "6.1.0",
      "resolved": "https://registry.npmjs.org/css-what/-/css-what-6.1.0.tgz",
      "integrity": "sha512-HTUrgRJ7r4dsZKU6GjmpfRK1O76h97Z8MfS1G0FozR+oF2kG6Vfe8JE6zwrkbxigziPHinCJ+gCPjA9EaBDtRw==",
      "engines": {
        "node": ">= 6"
      },
      "funding": {
        "url": "https://github.com/sponsors/fb55"
      }
    },
    "node_modules/discord-api-types": {
      "version": "0.37.37",
      "resolved": "https://registry.npmjs.org/discord-api-types/-/discord-api-types-0.37.37.tgz",
      "integrity": "sha512-LDMBKzl/zbvHO/yCzno5hevuA6lFIXJwdKSJZQrB+1ToDpFfN9thK+xxgZNR4aVkI7GHRDja0p4Sl2oYVPnHYg=="
    },
    "node_modules/discord.js": {
      "version": "14.9.0",
      "resolved": "https://registry.npmjs.org/discord.js/-/discord.js-14.9.0.tgz",
      "integrity": "sha512-ygGms5xP4hG+QrrY9k7d/OYCzMltSMtdl/2Snzq/nLCiZo+Sna91Ulv9l0+B5Jd/Czcq37B7wJAnmja7GOa+bg==",
      "dependencies": {
        "@discordjs/builders": "^1.6.0",
        "@discordjs/collection": "^1.5.0",
        "@discordjs/formatters": "^0.3.0",
        "@discordjs/rest": "^1.7.0",
        "@discordjs/util": "^0.2.0",
        "@sapphire/snowflake": "^3.4.0",
        "@types/ws": "^8.5.4",
        "discord-api-types": "^0.37.37",
        "fast-deep-equal": "^3.1.3",
        "lodash.snakecase": "^4.1.1",
        "tslib": "^2.5.0",
        "undici": "^5.21.0",
        "ws": "^8.13.0"
      },
      "engines": {
        "node": ">=16.9.0"
      }
    },
    "node_modules/dom-serializer": {
      "version": "1.4.1",
      "resolved": "https://registry.npmjs.org/dom-serializer/-/dom-serializer-1.4.1.tgz",
      "integrity": "sha512-VHwB3KfrcOOkelEG2ZOfxqLZdfkil8PtJi4P8N2MMXucZq2yLp75ClViUlOVwyoHEDjYU433Aq+5zWP61+RGag==",
      "dependencies": {
        "domelementtype": "^2.0.1",
        "domhandler": "^4.2.0",
        "entities": "^2.0.0"
      },
      "funding": {
        "url": "https://github.com/cheeriojs/dom-serializer?sponsor=1"
      }
    },
    "node_modules/domelementtype": {
      "version": "2.3.0",
      "resolved": "https://registry.npmjs.org/domelementtype/-/domelementtype-2.3.0.tgz",
      "integrity": "sha512-OLETBj6w0OsagBwdXnPdN0cnMfF9opN69co+7ZrbfPGrdpPVNBUj02spi6B1N7wChLQiPn4CSH/zJvXw56gmHw==",
      "funding": [
        {
          "type": "github",
          "url": "https://github.com/sponsors/fb55"
        }
      ]
    },
    "node_modules/domhandler": {
      "version": "4.3.1",
      "resolved": "https://registry.npmjs.org/domhandler/-/domhandler-4.3.1.tgz",
      "integrity": "sha512-GrwoxYN+uWlzO8uhUXRl0P+kHE4GtVPfYzVLcUxPL7KNdHKj66vvlhiweIHqYYXWlw+T8iLMp42Lm67ghw4WMQ==",
      "dependencies": {
        "domelementtype": "^2.2.0"
      },
      "engines": {
        "node": ">= 4"
      },
      "funding": {
        "url": "https://github.com/fb55/domhandler?sponsor=1"
      }
    },
    "node_modules/domutils": {
      "version": "2.8.0",
      "resolved": "https://registry.npmjs.org/domutils/-/domutils-2.8.0.tgz",
      "integrity": "sha512-w96Cjofp72M5IIhpjgobBimYEfoPjx1Vx0BSX9P30WBdZW2WIKU0T1Bd0kz2eNZ9ikjKgHbEyKx8BB6H1L3h3A==",
      "dependencies": {
        "dom-serializer": "^1.0.1",
        "domelementtype": "^2.2.0",
        "domhandler": "^4.2.0"
      },
      "funding": {
        "url": "https://github.com/fb55/domutils?sponsor=1"
      }
    },
    "node_modules/dotenv": {
      "version": "16.0.3",
      "resolved": "https://registry.npmjs.org/dotenv/-/dotenv-16.0.3.tgz",
      "integrity": "sha512-7GO6HghkA5fYG9TYnNxi14/7K9f5occMlp3zXAuSxn7CKCxt9xbNWG7yF8hTCSUchlfWSe3uLmlPfigevRItzQ==",
      "engines": {
        "node": ">=12"
      }
    },
    "node_modules/entities": {
      "version": "2.2.0",
      "resolved": "https://registry.npmjs.org/entities/-/entities-2.2.0.tgz",
      "integrity": "sha512-p92if5Nz619I0w+akJrLZH0MX0Pb5DX39XOwQTtXSdQQOaYH03S1uIQp4mhOZtAXrxq4ViO67YTiLBo2638o9A==",
      "funding": {
        "url": "https://github.com/fb55/entities?sponsor=1"
      }
    },
    "node_modules/fast-deep-equal": {
      "version": "3.1.3",
      "resolved": "https://registry.npmjs.org/fast-deep-equal/-/fast-deep-equal-3.1.3.tgz",
      "integrity": "sha512-f3qQ9oQy9j2AhBe/H9VC91wLmKBCCU/gDOnKNAYG5hswO7BLKj09Hc5HYNz9cGI++xlpDCIgDaitVs03ATR84Q=="
    },
    "node_modules/file-type": {
      "version": "18.2.1",
      "resolved": "https://registry.npmjs.org/file-type/-/file-type-18.2.1.tgz",
      "integrity": "sha512-Yw5MtnMv7vgD2/6Bjmmuegc8bQEVA9GmAyaR18bMYWKqsWDG9wgYZ1j4I6gNMF5Y5JBDcUcjRQqNQx7Y8uotcg==",
      "dependencies": {
        "readable-web-to-node-stream": "^3.0.2",
        "strtok3": "^7.0.0",
        "token-types": "^5.0.1"
      },
      "engines": {
        "node": ">=14.16"
      },
      "funding": {
        "url": "https://github.com/sindresorhus/file-type?sponsor=1"
      }
    },
    "node_modules/follow-redirects": {
      "version": "1.15.2",
      "resolved": "https://registry.npmjs.org/follow-redirects/-/follow-redirects-1.15.2.tgz",
      "integrity": "sha512-VQLG33o04KaQ8uYi2tVNbdrWp1QWxNNea+nmIB4EVM28v0hmP17z7aG1+wAkNzVq4KeXTq3221ye5qTJP91JwA==",
      "funding": [
        {
          "type": "individual",
          "url": "https://github.com/sponsors/RubenVerborgh"
        }
      ],
      "engines": {
        "node": ">=4.0"
      },
      "peerDependenciesMeta": {
        "debug": {
          "optional": true
        }
      }
    },
    "node_modules/he": {
      "version": "1.2.0",
      "resolved": "https://registry.npmjs.org/he/-/he-1.2.0.tgz",
      "integrity": "sha512-F/1DnUGPopORZi0ni+CvrCgHQ5FyEAHRLSApuYWMmrbSwoN2Mn/7k+Gl38gJnR7yyDZk6WLXwiGod1JOWNDKGw==",
      "bin": {
        "he": "bin/he"
      }
    },
    "node_modules/html-metadata-parser": {
      "version": "2.0.4",
      "resolved": "https://registry.npmjs.org/html-metadata-parser/-/html-metadata-parser-2.0.4.tgz",
      "integrity": "sha512-pBjST/bbe3nuy/fNmvyY4G+ypukQ/QHiGc+YnS4up2OVnT4vI0CZA4x2J0Ri77sQkQGH2IMAAug0fE78FfDrLw==",
      "dependencies": {
        "axios": "^0.24.0",
        "node-html-parser": "^5.2.0"
      }
    },
    "node_modules/ieee754": {
      "version": "1.2.1",
      "resolved": "https://registry.npmjs.org/ieee754/-/ieee754-1.2.1.tgz",
      "integrity": "sha512-dcyqhDvX1C46lXZcVqCpK+FtMRQVdIMN6/Df5js2zouUsqG7I6sFxitIC+7KYK29KdXOLHdu9zL4sFnoVQnqaA==",
      "funding": [
        {
          "type": "github",
          "url": "https://github.com/sponsors/feross"
        },
        {
          "type": "patreon",
          "url": "https://www.patreon.com/feross"
        },
        {
          "type": "consulting",
          "url": "https://feross.org/support"
        }
      ]
    },
    "node_modules/inherits": {
      "version": "2.0.4",
      "resolved": "https://registry.npmjs.org/inherits/-/inherits-2.0.4.tgz",
      "integrity": "sha512-k/vGaX4/Yla3WzyMCvTQOXYeIHvqOKtnqBduzTHpzpQZzAskKMhZ2K+EnBiSM9zGSoIFeMpXKxa4dYeZIQqewQ=="
    },
    "node_modules/lodash": {
      "version": "4.17.21",
      "resolved": "https://registry.npmjs.org/lodash/-/lodash-4.17.21.tgz",
      "integrity": "sha512-v2kDEe57lecTulaDIuNTPy3Ry4gLGJ6Z1O3vE1krgXZNrsQ+LFTGHVxVjcXPs17LhbZVGedAJv8XZ1tvj5FvSg=="
    },
    "node_modules/lodash.snakecase": {
      "version": "4.1.1",
      "resolved": "https://registry.npmjs.org/lodash.snakecase/-/lodash.snakecase-4.1.1.tgz",
      "integrity": "sha512-QZ1d4xoBHYUeuouhEq3lk3Uq7ldgyFXGBhg04+oRLnIz8o9T65Eh+8YdroUwn846zchkA9yDsDl5CVVaV2nqYw=="
    },
    "node_modules/node-html-parser": {
      "version": "5.4.2",
      "resolved": "https://registry.npmjs.org/node-html-parser/-/node-html-parser-5.4.2.tgz",
      "integrity": "sha512-RaBPP3+51hPne/OolXxcz89iYvQvKOydaqoePpOgXcrOKZhjVIzmpKZz+Hd/RBO2/zN2q6CNJhQzucVz+u3Jyw==",
      "dependencies": {
        "css-select": "^4.2.1",
        "he": "1.2.0"
      }
    },
    "node_modules/nth-check": {
      "version": "2.1.1",
      "resolved": "https://registry.npmjs.org/nth-check/-/nth-check-2.1.1.tgz",
      "integrity": "sha512-lqjrjmaOoAnWfMmBPL+XNnynZh2+swxiX3WUE0s4yEHI6m+AwrK2UZOimIRl3X/4QctVqS8AiZjFqyOGrMXb/w==",
      "dependencies": {
        "boolbase": "^1.0.0"
      },
      "funding": {
        "url": "https://github.com/fb55/nth-check?sponsor=1"
      }
    },
    "node_modules/peek-readable": {
      "version": "5.0.0",
      "resolved": "https://registry.npmjs.org/peek-readable/-/peek-readable-5.0.0.tgz",
      "integrity": "sha512-YtCKvLUOvwtMGmrniQPdO7MwPjgkFBtFIrmfSbYmYuq3tKDV/mcfAhBth1+C3ru7uXIZasc/pHnb+YDYNkkj4A==",
      "engines": {
        "node": ">=14.16"
      },
      "funding": {
        "type": "github",
        "url": "https://github.com/sponsors/Borewit"
      }
    },
    "node_modules/readable-stream": {
      "version": "3.6.2",
      "resolved": "https://registry.npmjs.org/readable-stream/-/readable-stream-3.6.2.tgz",
      "integrity": "sha512-9u/sniCrY3D5WdsERHzHE4G2YCXqoG5FTHUiCC4SIbr6XcLZBY05ya9EKjYek9O5xOAwjGq+1JdGBAS7Q9ScoA==",
      "dependencies": {
        "inherits": "^2.0.3",
        "string_decoder": "^1.1.1",
        "util-deprecate": "^1.0.1"
      },
      "engines": {
        "node": ">= 6"
      }
    },
    "node_modules/readable-web-to-node-stream": {
      "version": "3.0.2",
      "resolved": "https://registry.npmjs.org/readable-web-to-node-stream/-/readable-web-to-node-stream-3.0.2.tgz",
      "integrity": "sha512-ePeK6cc1EcKLEhJFt/AebMCLL+GgSKhuygrZ/GLaKZYEecIgIECf4UaUuaByiGtzckwR4ain9VzUh95T1exYGw==",
      "dependencies": {
        "readable-stream": "^3.6.0"
      },
      "engines": {
        "node": ">=8"
      },
      "funding": {
        "type": "github",
        "url": "https://github.com/sponsors/Borewit"
      }
    },
    "node_modules/safe-buffer": {
      "version": "5.2.1",
      "resolved": "https://registry.npmjs.org/safe-buffer/-/safe-buffer-5.2.1.tgz",
      "integrity": "sha512-rp3So07KcdmmKbGvgaNxQSJr7bGVSVk5S9Eq1F+ppbRo70+YeaDxkw5Dd8NPN+GD6bjnYm2VuPuCXmpuYvmCXQ==",
      "funding": [
        {
          "type": "github",
          "url": "https://github.com/sponsors/feross"
        },
        {
          "type": "patreon",
          "url": "https://www.patreon.com/feross"
        },
        {
          "type": "consulting",
          "url": "https://feross.org/support"
        }
      ]
    },
    "node_modules/streamsearch": {
      "version": "1.1.0",
      "resolved": "https://registry.npmjs.org/streamsearch/-/streamsearch-1.1.0.tgz",
      "integrity": "sha512-Mcc5wHehp9aXz1ax6bZUyY5afg9u2rv5cqQI3mRrYkGC8rW2hM02jWuwjtL++LS5qinSyhj2QfLyNsuc+VsExg==",
      "engines": {
        "node": ">=10.0.0"
      }
    },
    "node_modules/string_decoder": {
      "version": "1.3.0",
      "resolved": "https://registry.npmjs.org/string_decoder/-/string_decoder-1.3.0.tgz",
      "integrity": "sha512-hkRX8U1WjJFd8LsDJ2yQ/wWWxaopEsABU1XfkM8A+j0+85JAGppt16cr1Whg6KIbb4okU6Mql6BOj+uup/wKeA==",
      "dependencies": {
        "safe-buffer": "~5.2.0"
      }
    },
    "node_modules/strtok3": {
      "version": "7.0.0",
      "resolved": "https://registry.npmjs.org/strtok3/-/strtok3-7.0.0.tgz",
      "integrity": "sha512-pQ+V+nYQdC5H3Q7qBZAz/MO6lwGhoC2gOAjuouGf/VO0m7vQRh8QNMl2Uf6SwAtzZ9bOw3UIeBukEGNJl5dtXQ==",
      "dependencies": {
        "@tokenizer/token": "^0.3.0",
        "peek-readable": "^5.0.0"
      },
      "engines": {
        "node": ">=14.16"
      },
      "funding": {
        "type": "github",
        "url": "https://github.com/sponsors/Borewit"
      }
    },
    "node_modules/token-types": {
      "version": "5.0.1",
      "resolved": "https://registry.npmjs.org/token-types/-/token-types-5.0.1.tgz",
      "integrity": "sha512-Y2fmSnZjQdDb9W4w4r1tswlMHylzWIeOKpx0aZH9BgGtACHhrk3OkT52AzwcuqTRBZtvvnTjDBh8eynMulu8Vg==",
      "dependencies": {
        "@tokenizer/token": "^0.3.0",
        "ieee754": "^1.2.1"
      },
      "engines": {
        "node": ">=14.16"
      },
      "funding": {
        "type": "github",
        "url": "https://github.com/sponsors/Borewit"
      }
    },
    "node_modules/ts-mixer": {
      "version": "6.0.3",
      "resolved": "https://registry.npmjs.org/ts-mixer/-/ts-mixer-6.0.3.tgz",
      "integrity": "sha512-k43M7uCG1AkTyxgnmI5MPwKoUvS/bRvLvUb7+Pgpdlmok8AoqmUaZxUUw8zKM5B1lqZrt41GjYgnvAi0fppqgQ=="
    },
    "node_modules/tslib": {
      "version": "2.5.0",
      "resolved": "https://registry.npmjs.org/tslib/-/tslib-2.5.0.tgz",
      "integrity": "sha512-336iVw3rtn2BUK7ORdIAHTyxHGRIHVReokCR3XjbckJMK7ms8FysBfhLR8IXnAgy7T0PTPNBWKiH514FOW/WSg=="
    },
    "node_modules/typescript": {
      "version": "4.9.5",
      "resolved": "https://registry.npmjs.org/typescript/-/typescript-4.9.5.tgz",
      "integrity": "sha512-1FXk9E2Hm+QzZQ7z+McJiHL4NW1F2EzMu9Nq9i3zAaGqibafqYwCVU6WyWAuyQRRzOlxou8xZSyXLEN8oKj24g==",
      "dev": true,
      "bin": {
        "tsc": "bin/tsc",
        "tsserver": "bin/tsserver"
      },
      "engines": {
        "node": ">=4.2.0"
      }
    },
    "node_modules/undici": {
      "version": "5.21.0",
      "resolved": "https://registry.npmjs.org/undici/-/undici-5.21.0.tgz",
      "integrity": "sha512-HOjK8l6a57b2ZGXOcUsI5NLfoTrfmbOl90ixJDl0AEFG4wgHNDQxtZy15/ZQp7HhjkpaGlp/eneMgtsu1dIlUA==",
      "dependencies": {
        "busboy": "^1.6.0"
      },
      "engines": {
        "node": ">=12.18"
      }
    },
    "node_modules/util-deprecate": {
      "version": "1.0.2",
      "resolved": "https://registry.npmjs.org/util-deprecate/-/util-deprecate-1.0.2.tgz",
      "integrity": "sha512-EPD5q1uXyFxJpCrLnCc1nHnq3gOa6DZBocAIiI2TaSCA7VCJ1UJDMagCzIkXNsUYfD1daK//LTEQ8xiIbrHtcw=="
    },
    "node_modules/ws": {
      "version": "8.13.0",
      "resolved": "https://registry.npmjs.org/ws/-/ws-8.13.0.tgz",
      "integrity": "sha512-x9vcZYTrFPC7aSIbj7sRCYo7L/Xb8Iy+pW0ng0wt2vCJv7M9HOMy0UoN3rr+IFC7hb7vXoqS+P9ktyLLLhO+LA==",
      "engines": {
        "node": ">=10.0.0"
      },
      "peerDependencies": {
        "bufferutil": "^4.0.1",
        "utf-8-validate": ">=5.0.2"
      },
      "peerDependenciesMeta": {
        "bufferutil": {
          "optional": true
        },
        "utf-8-validate": {
          "optional": true
        }
      }
    }
  },
  "dependencies": {
    "@algolia/cache-browser-local-storage": {
      "version": "4.15.0",
      "resolved": "https://registry.npmjs.org/@algolia/cache-browser-local-storage/-/cache-browser-local-storage-4.15.0.tgz",
      "integrity": "sha512-uxxFhTWh4JJDb2+FFSmNMfEQ8p9o2vjSpU7iW007QX3OvqljPPN68lk3bpZVaG8pwr5MU1DqpkZ71FcQdVTjgQ==",
      "requires": {
        "@algolia/cache-common": "4.15.0"
      }
    },
    "@algolia/cache-common": {
      "version": "4.15.0",
      "resolved": "https://registry.npmjs.org/@algolia/cache-common/-/cache-common-4.15.0.tgz",
      "integrity": "sha512-Me3PbI4QurAM+3D+htIE0l1xt6+bl/18SG6Wc7bPQEZAtN7DTGz22HqhKNyLF2lR/cOfpaH7umXZlZEhIHf7gQ=="
    },
    "@algolia/cache-in-memory": {
      "version": "4.15.0",
      "resolved": "https://registry.npmjs.org/@algolia/cache-in-memory/-/cache-in-memory-4.15.0.tgz",
      "integrity": "sha512-B9mg1wd7CKMfpkbiTQ8KlcKkH6ut/goVaI6XmDCUczOOqeuZlV34tuEi7o3Xo1j66KWr/d9pMjjGYcoVPCVeOA==",
      "requires": {
        "@algolia/cache-common": "4.15.0"
      }
    },
    "@algolia/client-account": {
      "version": "4.15.0",
      "resolved": "https://registry.npmjs.org/@algolia/client-account/-/client-account-4.15.0.tgz",
      "integrity": "sha512-8wqI33HRZy5ydfFt6F5vMhtkOiAUhVfSCYXx4U3Go5RALqWLgVUp6wzOo0mr1z08POCkHDpbQMQvyayb1CZ/kw==",
      "requires": {
        "@algolia/client-common": "4.15.0",
        "@algolia/client-search": "4.15.0",
        "@algolia/transporter": "4.15.0"
      }
    },
    "@algolia/client-analytics": {
      "version": "4.15.0",
      "resolved": "https://registry.npmjs.org/@algolia/client-analytics/-/client-analytics-4.15.0.tgz",
      "integrity": "sha512-jrPjEeNEIIQKeA1XCZXx3f3aybtwF7wjYlnfHbLARuZ9AuHzimOKjX0ZwqvMmvTsHivpcZ2rqY+j1E8HoH1ELA==",
      "requires": {
        "@algolia/client-common": "4.15.0",
        "@algolia/client-search": "4.15.0",
        "@algolia/requester-common": "4.15.0",
        "@algolia/transporter": "4.15.0"
      }
    },
    "@algolia/client-common": {
      "version": "4.15.0",
      "resolved": "https://registry.npmjs.org/@algolia/client-common/-/client-common-4.15.0.tgz",
      "integrity": "sha512-PlsJMObZuYw4JlG5EhYv1PHDOv7n5mD5PzqFyoNfSOYaEPRZepa3W579ya29yOu3FZ0VGMNJmB7Q5v/+/fwvIw==",
      "requires": {
        "@algolia/requester-common": "4.15.0",
        "@algolia/transporter": "4.15.0"
      }
    },
    "@algolia/client-personalization": {
      "version": "4.15.0",
      "resolved": "https://registry.npmjs.org/@algolia/client-personalization/-/client-personalization-4.15.0.tgz",
      "integrity": "sha512-Bf0bhRAiNL9LWurzyHRH8UBi4fDt3VbCNkInxVngKQT1uCZWXecwoPWGhcSSpdanBqFJA/1WBt+BWx7a50Bhlg==",
      "requires": {
        "@algolia/client-common": "4.15.0",
        "@algolia/requester-common": "4.15.0",
        "@algolia/transporter": "4.15.0"
      }
    },
    "@algolia/client-search": {
      "version": "4.15.0",
      "resolved": "https://registry.npmjs.org/@algolia/client-search/-/client-search-4.15.0.tgz",
      "integrity": "sha512-dTwZD4u53WdmexnMcoO2Qd/+YCP3ESXKOtD2MryQ1a9dHwB2Y3Qob0kyS1PG82idwM3enbznvscI9Sf4o9PUWQ==",
      "requires": {
        "@algolia/client-common": "4.15.0",
        "@algolia/requester-common": "4.15.0",
        "@algolia/transporter": "4.15.0"
      }
    },
    "@algolia/logger-common": {
      "version": "4.15.0",
      "resolved": "https://registry.npmjs.org/@algolia/logger-common/-/logger-common-4.15.0.tgz",
      "integrity": "sha512-D8OFwn/HpvQz66goIcjxOKsYBMuxiruxJ3cA/bnc0EiDvSA2P2z6bNQWgS5gbstuTZIJmbhr+53NyOxFkmMNAA=="
    },
    "@algolia/logger-console": {
      "version": "4.15.0",
      "resolved": "https://registry.npmjs.org/@algolia/logger-console/-/logger-console-4.15.0.tgz",
      "integrity": "sha512-pQOvVaRSEJQJRXKTnxEA6nN1hipSQadJJ4einw0nIlfMOGZh/kps1ybh8vRUlUGyfEuN/3dyFs0W3Ac7hIItlg==",
      "requires": {
        "@algolia/logger-common": "4.15.0"
      }
    },
    "@algolia/requester-browser-xhr": {
      "version": "4.15.0",
      "resolved": "https://registry.npmjs.org/@algolia/requester-browser-xhr/-/requester-browser-xhr-4.15.0.tgz",
      "integrity": "sha512-va186EfALF+6msYZXaoBSxcnFCg3SoWJ+uv1yMyhQRJRe7cZSHWSVT3s40vmar90gxlBu80KMVwVlsvJhJv6ew==",
      "requires": {
        "@algolia/requester-common": "4.15.0"
      }
    },
    "@algolia/requester-common": {
      "version": "4.15.0",
      "resolved": "https://registry.npmjs.org/@algolia/requester-common/-/requester-common-4.15.0.tgz",
      "integrity": "sha512-w0UUzxElbo4hrKg4QP/jiXDNbIJuAthxdlkos9nS8KAPK2XI3R9BlUjLz/ZVs4F9TDGI0mhjrNHhZ12KXcoyhg=="
    },
    "@algolia/requester-node-http": {
      "version": "4.15.0",
      "resolved": "https://registry.npmjs.org/@algolia/requester-node-http/-/requester-node-http-4.15.0.tgz",
      "integrity": "sha512-eeEOhFtgwKcgAlKAZpgBRZJ0ILSEBCXxZ9uwfVWPD24W1b6z08gVoTJ6J7lCeCnJmudg+tMElDnGzHkjup9CJA==",
      "requires": {
        "@algolia/requester-common": "4.15.0"
      }
    },
    "@algolia/transporter": {
      "version": "4.15.0",
      "resolved": "https://registry.npmjs.org/@algolia/transporter/-/transporter-4.15.0.tgz",
      "integrity": "sha512-JoWR+ixG3EmA0UPntQFN/FV5TasYcYu93d5+oKzHFeZ6Z7rtW5Im9iy/Oh/ggk1AAN5fTdqKewtbBpdaYDbKsQ==",
      "requires": {
        "@algolia/cache-common": "4.15.0",
        "@algolia/logger-common": "4.15.0",
        "@algolia/requester-common": "4.15.0"
      }
    },
    "@discordjs/builders": {
      "version": "1.6.1",
      "resolved": "https://registry.npmjs.org/@discordjs/builders/-/builders-1.6.1.tgz",
      "integrity": "sha512-CCcLwn/8ANhlAbhlE18fcaN0hfXTen53/JiwZs1t9oE/Cqa9maA8ZRarkCIsXF4J7J/MYnd0J6IsxeKsq+f6mw==",
      "requires": {
        "@discordjs/formatters": "^0.3.0",
        "@discordjs/util": "^0.2.0",
        "@sapphire/shapeshift": "^3.8.1",
        "discord-api-types": "^0.37.37",
        "fast-deep-equal": "^3.1.3",
        "ts-mixer": "^6.0.3",
        "tslib": "^2.5.0"
      }
    },
    "@discordjs/collection": {
      "version": "1.5.0",
      "resolved": "https://registry.npmjs.org/@discordjs/collection/-/collection-1.5.0.tgz",
      "integrity": "sha512-suyVndkEAAWrGxyw/CPGdtXoRRU6AUNkibtnbJevQzpelkJh3Q1gQqWDpqf5i39CnAn5+LrN0YS+cULeEjq2Yw=="
    },
    "@discordjs/formatters": {
      "version": "0.3.0",
      "resolved": "https://registry.npmjs.org/@discordjs/formatters/-/formatters-0.3.0.tgz",
      "integrity": "sha512-Fc4MomalbP8HMKEMor3qUiboAKDtR7PSBoPjwm7WYghVRwgJlj5WYvUsriLsxeKk8+Qq2oy+HJlGTUkGvX0YnA==",
      "requires": {
        "discord-api-types": "^0.37.37"
      }
    },
    "@discordjs/rest": {
      "version": "1.7.0",
      "resolved": "https://registry.npmjs.org/@discordjs/rest/-/rest-1.7.0.tgz",
      "integrity": "sha512-r2HzmznRIo8IDGYBWqQfkEaGN1LrFfWQd3dSyC4tOpMU8nuVvFUEw6V/lwnG44jyOq+vgyDny2fxeUDMt9I4aQ==",
      "requires": {
        "@discordjs/collection": "^1.5.0",
        "@discordjs/util": "^0.2.0",
        "@sapphire/async-queue": "^1.5.0",
        "@sapphire/snowflake": "^3.4.0",
        "discord-api-types": "^0.37.37",
        "file-type": "^18.2.1",
        "tslib": "^2.5.0",
        "undici": "^5.21.0"
      }
    },
    "@discordjs/util": {
      "version": "0.2.0",
      "resolved": "https://registry.npmjs.org/@discordjs/util/-/util-0.2.0.tgz",
      "integrity": "sha512-/8qNbebFzLWKOOg+UV+RB8itp4SmU5jw0tBUD3ifElW6rYNOj1Ku5JaSW7lLl/WgjjxF01l/1uQPCzkwr110vg=="
    },
    "@sapphire/async-queue": {
      "version": "1.5.0",
      "resolved": "https://registry.npmjs.org/@sapphire/async-queue/-/async-queue-1.5.0.tgz",
      "integrity": "sha512-JkLdIsP8fPAdh9ZZjrbHWR/+mZj0wvKS5ICibcLrRI1j84UmLMshx5n9QmL8b95d4onJ2xxiyugTgSAX7AalmA=="
    },
    "@sapphire/shapeshift": {
      "version": "3.8.1",
      "resolved": "https://registry.npmjs.org/@sapphire/shapeshift/-/shapeshift-3.8.1.tgz",
      "integrity": "sha512-xG1oXXBhCjPKbxrRTlox9ddaZTvVpOhYLmKmApD/vIWOV1xEYXnpoFs68zHIZBGbqztq6FrUPNPerIrO1Hqeaw==",
      "requires": {
        "fast-deep-equal": "^3.1.3",
        "lodash": "^4.17.21"
      }
    },
    "@sapphire/snowflake": {
      "version": "3.4.0",
      "resolved": "https://registry.npmjs.org/@sapphire/snowflake/-/snowflake-3.4.0.tgz",
      "integrity": "sha512-zZxymtVO6zeXVMPds+6d7gv/OfnCc25M1Z+7ZLB0oPmeMTPeRWVPQSS16oDJy5ZsyCOLj7M6mbZml5gWXcVRNw=="
    },
    "@tokenizer/token": {
      "version": "0.3.0",
      "resolved": "https://registry.npmjs.org/@tokenizer/token/-/token-0.3.0.tgz",
      "integrity": "sha512-OvjF+z51L3ov0OyAU0duzsYuvO01PH7x4t6DJx+guahgTnBHkhJdG7soQeTSFLWN3efnHyibZ4Z8l2EuWwJN3A=="
    },
    "@types/node": {
      "version": "18.15.1",
      "resolved": "https://registry.npmjs.org/@types/node/-/node-18.15.1.tgz",
      "integrity": "sha512-U2TWca8AeHSmbpi314QBESRk7oPjSZjDsR+c+H4ECC1l+kFgpZf8Ydhv3SJpPy51VyZHHqxlb6mTTqYNNRVAIw=="
    },
    "@types/ws": {
      "version": "8.5.4",
      "resolved": "https://registry.npmjs.org/@types/ws/-/ws-8.5.4.tgz",
      "integrity": "sha512-zdQDHKUgcX/zBc4GrwsE/7dVdAD8JR4EuiAXiiUhhfyIJXXb2+PrGshFyeXWQPMmmZ2XxgaqclgpIC7eTXc1mg==",
      "requires": {
        "@types/node": "*"
      }
    },
    "algoliasearch": {
      "version": "4.15.0",
      "resolved": "https://registry.npmjs.org/algoliasearch/-/algoliasearch-4.15.0.tgz",
      "integrity": "sha512-+vgKQF5944dYsz9zhKk07JbOYeNdKisoD5GeG0woBL3nLzbn2a+nGwki60DXg7CXvaFXBcTXyJG4C+VaBVd44g==",
      "requires": {
        "@algolia/cache-browser-local-storage": "4.15.0",
        "@algolia/cache-common": "4.15.0",
        "@algolia/cache-in-memory": "4.15.0",
        "@algolia/client-account": "4.15.0",
        "@algolia/client-analytics": "4.15.0",
        "@algolia/client-common": "4.15.0",
        "@algolia/client-personalization": "4.15.0",
        "@algolia/client-search": "4.15.0",
        "@algolia/logger-common": "4.15.0",
        "@algolia/logger-console": "4.15.0",
        "@algolia/requester-browser-xhr": "4.15.0",
        "@algolia/requester-common": "4.15.0",
        "@algolia/requester-node-http": "4.15.0",
        "@algolia/transporter": "4.15.0"
      }
    },
    "axios": {
      "version": "0.24.0",
      "resolved": "https://registry.npmjs.org/axios/-/axios-0.24.0.tgz",
      "integrity": "sha512-Q6cWsys88HoPgAaFAVUb0WpPk0O8iTeisR9IMqy9G8AbO4NlpVknrnQS03zzF9PGAWgO3cgletO3VjV/P7VztA==",
      "requires": {
        "follow-redirects": "^1.14.4"
      }
    },
    "boolbase": {
      "version": "1.0.0",
      "resolved": "https://registry.npmjs.org/boolbase/-/boolbase-1.0.0.tgz",
      "integrity": "sha512-JZOSA7Mo9sNGB8+UjSgzdLtokWAky1zbztM3WRLCbZ70/3cTANmQmOdR7y2g+J0e2WXywy1yS468tY+IruqEww=="
    },
    "busboy": {
      "version": "1.6.0",
      "resolved": "https://registry.npmjs.org/busboy/-/busboy-1.6.0.tgz",
      "integrity": "sha512-8SFQbg/0hQ9xy3UNTB0YEnsNBbWfhf7RtnzpL7TkBiTBRfrQ9Fxcnz7VJsleJpyp6rVLvXiuORqjlHi5q+PYuA==",
      "requires": {
        "streamsearch": "^1.1.0"
      }
    },
    "css-select": {
      "version": "4.3.0",
      "resolved": "https://registry.npmjs.org/css-select/-/css-select-4.3.0.tgz",
      "integrity": "sha512-wPpOYtnsVontu2mODhA19JrqWxNsfdatRKd64kmpRbQgh1KtItko5sTnEpPdpSaJszTOhEMlF/RPz28qj4HqhQ==",
      "requires": {
        "boolbase": "^1.0.0",
        "css-what": "^6.0.1",
        "domhandler": "^4.3.1",
        "domutils": "^2.8.0",
        "nth-check": "^2.0.1"
      }
    },
    "css-what": {
      "version": "6.1.0",
      "resolved": "https://registry.npmjs.org/css-what/-/css-what-6.1.0.tgz",
      "integrity": "sha512-HTUrgRJ7r4dsZKU6GjmpfRK1O76h97Z8MfS1G0FozR+oF2kG6Vfe8JE6zwrkbxigziPHinCJ+gCPjA9EaBDtRw=="
    },
    "discord-api-types": {
      "version": "0.37.37",
      "resolved": "https://registry.npmjs.org/discord-api-types/-/discord-api-types-0.37.37.tgz",
      "integrity": "sha512-LDMBKzl/zbvHO/yCzno5hevuA6lFIXJwdKSJZQrB+1ToDpFfN9thK+xxgZNR4aVkI7GHRDja0p4Sl2oYVPnHYg=="
    },
    "discord.js": {
      "version": "14.9.0",
      "resolved": "https://registry.npmjs.org/discord.js/-/discord.js-14.9.0.tgz",
      "integrity": "sha512-ygGms5xP4hG+QrrY9k7d/OYCzMltSMtdl/2Snzq/nLCiZo+Sna91Ulv9l0+B5Jd/Czcq37B7wJAnmja7GOa+bg==",
      "requires": {
        "@discordjs/builders": "^1.6.0",
        "@discordjs/collection": "^1.5.0",
        "@discordjs/formatters": "^0.3.0",
        "@discordjs/rest": "^1.7.0",
        "@discordjs/util": "^0.2.0",
        "@sapphire/snowflake": "^3.4.0",
        "@types/ws": "^8.5.4",
        "discord-api-types": "^0.37.37",
        "fast-deep-equal": "^3.1.3",
        "lodash.snakecase": "^4.1.1",
        "tslib": "^2.5.0",
        "undici": "^5.21.0",
        "ws": "^8.13.0"
      }
    },
    "dom-serializer": {
      "version": "1.4.1",
      "resolved": "https://registry.npmjs.org/dom-serializer/-/dom-serializer-1.4.1.tgz",
      "integrity": "sha512-VHwB3KfrcOOkelEG2ZOfxqLZdfkil8PtJi4P8N2MMXucZq2yLp75ClViUlOVwyoHEDjYU433Aq+5zWP61+RGag==",
      "requires": {
        "domelementtype": "^2.0.1",
        "domhandler": "^4.2.0",
        "entities": "^2.0.0"
      }
    },
    "domelementtype": {
      "version": "2.3.0",
      "resolved": "https://registry.npmjs.org/domelementtype/-/domelementtype-2.3.0.tgz",
      "integrity": "sha512-OLETBj6w0OsagBwdXnPdN0cnMfF9opN69co+7ZrbfPGrdpPVNBUj02spi6B1N7wChLQiPn4CSH/zJvXw56gmHw=="
    },
    "domhandler": {
      "version": "4.3.1",
      "resolved": "https://registry.npmjs.org/domhandler/-/domhandler-4.3.1.tgz",
      "integrity": "sha512-GrwoxYN+uWlzO8uhUXRl0P+kHE4GtVPfYzVLcUxPL7KNdHKj66vvlhiweIHqYYXWlw+T8iLMp42Lm67ghw4WMQ==",
      "requires": {
        "domelementtype": "^2.2.0"
      }
    },
    "domutils": {
      "version": "2.8.0",
      "resolved": "https://registry.npmjs.org/domutils/-/domutils-2.8.0.tgz",
      "integrity": "sha512-w96Cjofp72M5IIhpjgobBimYEfoPjx1Vx0BSX9P30WBdZW2WIKU0T1Bd0kz2eNZ9ikjKgHbEyKx8BB6H1L3h3A==",
      "requires": {
        "dom-serializer": "^1.0.1",
        "domelementtype": "^2.2.0",
        "domhandler": "^4.2.0"
      }
    },
    "dotenv": {
      "version": "16.0.3",
      "resolved": "https://registry.npmjs.org/dotenv/-/dotenv-16.0.3.tgz",
      "integrity": "sha512-7GO6HghkA5fYG9TYnNxi14/7K9f5occMlp3zXAuSxn7CKCxt9xbNWG7yF8hTCSUchlfWSe3uLmlPfigevRItzQ=="
    },
    "entities": {
      "version": "2.2.0",
      "resolved": "https://registry.npmjs.org/entities/-/entities-2.2.0.tgz",
      "integrity": "sha512-p92if5Nz619I0w+akJrLZH0MX0Pb5DX39XOwQTtXSdQQOaYH03S1uIQp4mhOZtAXrxq4ViO67YTiLBo2638o9A=="
    },
    "fast-deep-equal": {
      "version": "3.1.3",
      "resolved": "https://registry.npmjs.org/fast-deep-equal/-/fast-deep-equal-3.1.3.tgz",
      "integrity": "sha512-f3qQ9oQy9j2AhBe/H9VC91wLmKBCCU/gDOnKNAYG5hswO7BLKj09Hc5HYNz9cGI++xlpDCIgDaitVs03ATR84Q=="
    },
    "file-type": {
      "version": "18.2.1",
      "resolved": "https://registry.npmjs.org/file-type/-/file-type-18.2.1.tgz",
      "integrity": "sha512-Yw5MtnMv7vgD2/6Bjmmuegc8bQEVA9GmAyaR18bMYWKqsWDG9wgYZ1j4I6gNMF5Y5JBDcUcjRQqNQx7Y8uotcg==",
      "requires": {
        "readable-web-to-node-stream": "^3.0.2",
        "strtok3": "^7.0.0",
        "token-types": "^5.0.1"
      }
    },
    "follow-redirects": {
      "version": "1.15.2",
      "resolved": "https://registry.npmjs.org/follow-redirects/-/follow-redirects-1.15.2.tgz",
      "integrity": "sha512-VQLG33o04KaQ8uYi2tVNbdrWp1QWxNNea+nmIB4EVM28v0hmP17z7aG1+wAkNzVq4KeXTq3221ye5qTJP91JwA=="
    },
    "he": {
      "version": "1.2.0",
      "resolved": "https://registry.npmjs.org/he/-/he-1.2.0.tgz",
      "integrity": "sha512-F/1DnUGPopORZi0ni+CvrCgHQ5FyEAHRLSApuYWMmrbSwoN2Mn/7k+Gl38gJnR7yyDZk6WLXwiGod1JOWNDKGw=="
    },
    "html-metadata-parser": {
      "version": "2.0.4",
      "resolved": "https://registry.npmjs.org/html-metadata-parser/-/html-metadata-parser-2.0.4.tgz",
      "integrity": "sha512-pBjST/bbe3nuy/fNmvyY4G+ypukQ/QHiGc+YnS4up2OVnT4vI0CZA4x2J0Ri77sQkQGH2IMAAug0fE78FfDrLw==",
      "requires": {
        "axios": "^0.24.0",
        "node-html-parser": "^5.2.0"
      }
    },
    "ieee754": {
      "version": "1.2.1",
      "resolved": "https://registry.npmjs.org/ieee754/-/ieee754-1.2.1.tgz",
      "integrity": "sha512-dcyqhDvX1C46lXZcVqCpK+FtMRQVdIMN6/Df5js2zouUsqG7I6sFxitIC+7KYK29KdXOLHdu9zL4sFnoVQnqaA=="
    },
    "inherits": {
      "version": "2.0.4",
      "resolved": "https://registry.npmjs.org/inherits/-/inherits-2.0.4.tgz",
      "integrity": "sha512-k/vGaX4/Yla3WzyMCvTQOXYeIHvqOKtnqBduzTHpzpQZzAskKMhZ2K+EnBiSM9zGSoIFeMpXKxa4dYeZIQqewQ=="
    },
    "lodash": {
      "version": "4.17.21",
      "resolved": "https://registry.npmjs.org/lodash/-/lodash-4.17.21.tgz",
      "integrity": "sha512-v2kDEe57lecTulaDIuNTPy3Ry4gLGJ6Z1O3vE1krgXZNrsQ+LFTGHVxVjcXPs17LhbZVGedAJv8XZ1tvj5FvSg=="
    },
    "lodash.snakecase": {
      "version": "4.1.1",
      "resolved": "https://registry.npmjs.org/lodash.snakecase/-/lodash.snakecase-4.1.1.tgz",
      "integrity": "sha512-QZ1d4xoBHYUeuouhEq3lk3Uq7ldgyFXGBhg04+oRLnIz8o9T65Eh+8YdroUwn846zchkA9yDsDl5CVVaV2nqYw=="
    },
    "node-html-parser": {
      "version": "5.4.2",
      "resolved": "https://registry.npmjs.org/node-html-parser/-/node-html-parser-5.4.2.tgz",
      "integrity": "sha512-RaBPP3+51hPne/OolXxcz89iYvQvKOydaqoePpOgXcrOKZhjVIzmpKZz+Hd/RBO2/zN2q6CNJhQzucVz+u3Jyw==",
      "requires": {
        "css-select": "^4.2.1",
        "he": "1.2.0"
      }
    },
    "nth-check": {
      "version": "2.1.1",
      "resolved": "https://registry.npmjs.org/nth-check/-/nth-check-2.1.1.tgz",
      "integrity": "sha512-lqjrjmaOoAnWfMmBPL+XNnynZh2+swxiX3WUE0s4yEHI6m+AwrK2UZOimIRl3X/4QctVqS8AiZjFqyOGrMXb/w==",
      "requires": {
        "boolbase": "^1.0.0"
      }
    },
    "peek-readable": {
      "version": "5.0.0",
      "resolved": "https://registry.npmjs.org/peek-readable/-/peek-readable-5.0.0.tgz",
      "integrity": "sha512-YtCKvLUOvwtMGmrniQPdO7MwPjgkFBtFIrmfSbYmYuq3tKDV/mcfAhBth1+C3ru7uXIZasc/pHnb+YDYNkkj4A=="
    },
    "readable-stream": {
      "version": "3.6.2",
      "resolved": "https://registry.npmjs.org/readable-stream/-/readable-stream-3.6.2.tgz",
      "integrity": "sha512-9u/sniCrY3D5WdsERHzHE4G2YCXqoG5FTHUiCC4SIbr6XcLZBY05ya9EKjYek9O5xOAwjGq+1JdGBAS7Q9ScoA==",
      "requires": {
        "inherits": "^2.0.3",
        "string_decoder": "^1.1.1",
        "util-deprecate": "^1.0.1"
      }
    },
    "readable-web-to-node-stream": {
      "version": "3.0.2",
      "resolved": "https://registry.npmjs.org/readable-web-to-node-stream/-/readable-web-to-node-stream-3.0.2.tgz",
      "integrity": "sha512-ePeK6cc1EcKLEhJFt/AebMCLL+GgSKhuygrZ/GLaKZYEecIgIECf4UaUuaByiGtzckwR4ain9VzUh95T1exYGw==",
      "requires": {
        "readable-stream": "^3.6.0"
      }
    },
    "safe-buffer": {
      "version": "5.2.1",
      "resolved": "https://registry.npmjs.org/safe-buffer/-/safe-buffer-5.2.1.tgz",
      "integrity": "sha512-rp3So07KcdmmKbGvgaNxQSJr7bGVSVk5S9Eq1F+ppbRo70+YeaDxkw5Dd8NPN+GD6bjnYm2VuPuCXmpuYvmCXQ=="
    },
    "streamsearch": {
      "version": "1.1.0",
      "resolved": "https://registry.npmjs.org/streamsearch/-/streamsearch-1.1.0.tgz",
      "integrity": "sha512-Mcc5wHehp9aXz1ax6bZUyY5afg9u2rv5cqQI3mRrYkGC8rW2hM02jWuwjtL++LS5qinSyhj2QfLyNsuc+VsExg=="
    },
    "string_decoder": {
      "version": "1.3.0",
      "resolved": "https://registry.npmjs.org/string_decoder/-/string_decoder-1.3.0.tgz",
      "integrity": "sha512-hkRX8U1WjJFd8LsDJ2yQ/wWWxaopEsABU1XfkM8A+j0+85JAGppt16cr1Whg6KIbb4okU6Mql6BOj+uup/wKeA==",
      "requires": {
        "safe-buffer": "~5.2.0"
      }
    },
    "strtok3": {
      "version": "7.0.0",
      "resolved": "https://registry.npmjs.org/strtok3/-/strtok3-7.0.0.tgz",
      "integrity": "sha512-pQ+V+nYQdC5H3Q7qBZAz/MO6lwGhoC2gOAjuouGf/VO0m7vQRh8QNMl2Uf6SwAtzZ9bOw3UIeBukEGNJl5dtXQ==",
      "requires": {
        "@tokenizer/token": "^0.3.0",
        "peek-readable": "^5.0.0"
      }
    },
    "token-types": {
      "version": "5.0.1",
      "resolved": "https://registry.npmjs.org/token-types/-/token-types-5.0.1.tgz",
      "integrity": "sha512-Y2fmSnZjQdDb9W4w4r1tswlMHylzWIeOKpx0aZH9BgGtACHhrk3OkT52AzwcuqTRBZtvvnTjDBh8eynMulu8Vg==",
      "requires": {
        "@tokenizer/token": "^0.3.0",
        "ieee754": "^1.2.1"
      }
    },
    "ts-mixer": {
      "version": "6.0.3",
      "resolved": "https://registry.npmjs.org/ts-mixer/-/ts-mixer-6.0.3.tgz",
      "integrity": "sha512-k43M7uCG1AkTyxgnmI5MPwKoUvS/bRvLvUb7+Pgpdlmok8AoqmUaZxUUw8zKM5B1lqZrt41GjYgnvAi0fppqgQ=="
    },
    "tslib": {
      "version": "2.5.0",
      "resolved": "https://registry.npmjs.org/tslib/-/tslib-2.5.0.tgz",
      "integrity": "sha512-336iVw3rtn2BUK7ORdIAHTyxHGRIHVReokCR3XjbckJMK7ms8FysBfhLR8IXnAgy7T0PTPNBWKiH514FOW/WSg=="
    },
    "typescript": {
      "version": "4.9.5",
      "resolved": "https://registry.npmjs.org/typescript/-/typescript-4.9.5.tgz",
      "integrity": "sha512-1FXk9E2Hm+QzZQ7z+McJiHL4NW1F2EzMu9Nq9i3zAaGqibafqYwCVU6WyWAuyQRRzOlxou8xZSyXLEN8oKj24g==",
      "dev": true
    },
    "undici": {
      "version": "5.21.0",
      "resolved": "https://registry.npmjs.org/undici/-/undici-5.21.0.tgz",
      "integrity": "sha512-HOjK8l6a57b2ZGXOcUsI5NLfoTrfmbOl90ixJDl0AEFG4wgHNDQxtZy15/ZQp7HhjkpaGlp/eneMgtsu1dIlUA==",
      "requires": {
        "busboy": "^1.6.0"
      }
    },
    "util-deprecate": {
      "version": "1.0.2",
      "resolved": "https://registry.npmjs.org/util-deprecate/-/util-deprecate-1.0.2.tgz",
      "integrity": "sha512-EPD5q1uXyFxJpCrLnCc1nHnq3gOa6DZBocAIiI2TaSCA7VCJ1UJDMagCzIkXNsUYfD1daK//LTEQ8xiIbrHtcw=="
    },
    "ws": {
      "version": "8.13.0",
      "resolved": "https://registry.npmjs.org/ws/-/ws-8.13.0.tgz",
      "integrity": "sha512-x9vcZYTrFPC7aSIbj7sRCYo7L/Xb8Iy+pW0ng0wt2vCJv7M9HOMy0UoN3rr+IFC7hb7vXoqS+P9ktyLLLhO+LA==",
      "requires": {}
    }
  }
}
